
Microsoft Visual Studio Solution File, Format Version 12.00
# Visual Studio 14
VisualStudioVersion = 14.0.25420.1
MinimumVisualStudioVersion = 10.0.40219.1
Project("{FAE04EC0-301F-11D3-BF4B-00C04F79EFBC}") = "POS ASP.NET MVC", "POS ASP.NET MVC\POS ASP.NET MVC.csproj", "{5E89F4E3-8961-4CED-96EC-4DD287786C65}"
EndProject
Project("{FAE04EC0-301F-11D3-BF4B-00C04F79EFBC}") = "POSData", "POSData\POSData.csproj", "{92B79971-263D-4155-8207-7BB2C20BF1A6}"
EndProject
Project("{FAE04EC0-301F-11D3-BF4B-00C04F79EFBC}") = "POSService", "POSService\POSService.csproj", "{4FCC2BA6-2F47-4226-B446-C2870A830EB0}"
EndProject
Project("{FAE04EC0-301F-11D3-BF4B-00C04F79EFBC}") = "POSEntityDummy", "POSEntityDummy\POSEntityDummy.csproj", "{C8F27771-E01D-4589-AEF7-519AE0AA2290}"
EndProject
Project("{FAE04EC0-301F-11D3-BF4B-00C04F79EFBC}") = "POSEntity", "POSEntity\POSEntity.csproj", "{7FEC3D1B-30B7-4770-AFB5-8D0835707C80}"
EndProject
Global
	GlobalSection(SolutionConfigurationPlatforms) = preSolution
		Debug|Any CPU = Debug|Any CPU
		Release|Any CPU = Release|Any CPU
	EndGlobalSection
	GlobalSection(ProjectConfigurationPlatforms) = postSolution
		{5E89F4E3-8961-4CED-96EC-4DD287786C65}.Debug|Any CPU.ActiveCfg = Debug|Any CPU
		{5E89F4E3-8961-4CED-96EC-4DD287786C65}.Debug|Any CPU.Build.0 = Debug|Any CPU
		{5E89F4E3-8961-4CED-96EC-4DD287786C65}.Release|Any CPU.ActiveCfg = Release|Any CPU
		{5E89F4E3-8961-4CED-96EC-4DD287786C65}.Release|Any CPU.Build.0 = Release|Any CPU
		{92B79971-263D-4155-8207-7BB2C20BF1A6}.Debug|Any CPU.ActiveCfg = Debug|Any CPU
		{92B79971-263D-4155-8207-7BB2C20BF1A6}.Debug|Any CPU.Build.0 = Debug|Any CPU
		{92B79971-263D-4155-8207-7BB2C20BF1A6}.Release|Any CPU.ActiveCfg = Release|Any CPU
		{92B79971-263D-4155-8207-7BB2C20BF1A6}.Release|Any CPU.Build.0 = Release|Any CPU
		{4FCC2BA6-2F47-4226-B446-C2870A830EB0}.Debug|Any CPU.ActiveCfg = Debug|Any CPU
		{4FCC2BA6-2F47-4226-B446-C2870A830EB0}.Debug|Any CPU.Build.0 = Debug|Any CPU
		{4FCC2BA6-2F47-4226-B446-C2870A830EB0}.Release|Any CPU.ActiveCfg = Release|Any CPU
		{4FCC2BA6-2F47-4226-B446-C2870A830EB0}.Release|Any CPU.Build.0 = Release|Any CPU
		{C8F27771-E01D-4589-AEF7-519AE0AA2290}.Debug|Any CPU.ActiveCfg = Debug|Any CPU
		{C8F27771-E01D-4589-AEF7-519AE0AA2290}.Debug|Any CPU.Build.0 = Debug|Any CPU
		{C8F27771-E01D-4589-AEF7-519AE0AA2290}.Release|Any CPU.ActiveCfg = Release|Any CPU
		{C8F27771-E01D-4589-AEF7-519AE0AA2290}.Release|Any CPU.Build.0 = Release|Any CPU
		{7FEC3D1B-30B7-4770-AFB5-8D0835707C80}.Debug|Any CPU.ActiveCfg = Debug|Any CPU
		{7FEC3D1B-30B7-4770-AFB5-8D0835707C80}.Debug|Any CPU.Build.0 = Debug|Any CPU
		{7FEC3D1B-30B7-4770-AFB5-8D0835707C80}.Release|Any CPU.ActiveCfg = Release|Any CPU
		{7FEC3D1B-30B7-4770-AFB5-8D0835707C80}.Release|Any CPU.Build.0 = Release|Any CPU
	EndGlobalSection
	GlobalSection(SolutionProperties) = preSolution
		HideSolutionNode = FALSE
	EndGlobalSection
EndGlobal
